
Microsoft Visual Studio Solution File, Format Version 12.00
# Visual Studio 15
Project("{FAE04EC0-301F-11D3-BF4B-00C04F79EFBC}") = "Assembly-CSharp", "Assembly-CSharp.csproj", "{99D3C6FF-9EB2-A53F-C623-AC2ED97879BC}"
EndProject
Project("{FAE04EC0-301F-11D3-BF4B-00C04F79EFBC}") = "Assembly-CSharp-Editor", "Assembly-CSharp-Editor.csproj", "{439B4525-C070-98C2-7BCA-774B7AF954C8}"
EndProject
Global
	GlobalSection(SolutionConfigurationPlatforms) = preSolution
		Debug|Any CPU = Debug|Any CPU
		Release|Any CPU = Release|Any CPU
	EndGlobalSection
	GlobalSection(ProjectConfigurationPlatforms) = postSolution
		{99D3C6FF-9EB2-A53F-C623-AC2ED97879BC}.Debug|Any CPU.ActiveCfg = Debug|Any CPU
		{99D3C6FF-9EB2-A53F-C623-AC2ED97879BC}.Debug|Any CPU.Build.0 = Debug|Any CPU
		{99D3C6FF-9EB2-A53F-C623-AC2ED97879BC}.Release|Any CPU.ActiveCfg = Release|Any CPU
		{99D3C6FF-9EB2-A53F-C623-AC2ED97879BC}.Release|Any CPU.Build.0 = Release|Any CPU
		{439B4525-C070-98C2-7BCA-774B7AF954C8}.Debug|Any CPU.ActiveCfg = Debug|Any CPU
		{439B4525-C070-98C2-7BCA-774B7AF954C8}.Debug|Any CPU.Build.0 = Debug|Any CPU
		{439B4525-C070-98C2-7BCA-774B7AF954C8}.Release|Any CPU.ActiveCfg = Release|Any CPU
		{439B4525-C070-98C2-7BCA-774B7AF954C8}.Release|Any CPU.Build.0 = Release|Any CPU
	EndGlobalSection
	GlobalSection(SolutionProperties) = preSolution
		HideSolutionNode = FALSE
	EndGlobalSection
EndGlobal
